// !$*UTF8*$!
{
	archiveVersion = 1;
	classes = {
	};
	objectVersion = 50;
	objects = {

/* Begin PBXBuildFile section */
		8FADD32821829431004CB1AB /* AppDelegate.swift in Sources */ = {isa = PBXBuildFile; fileRef = 8FADD32721829431004CB1AB /* AppDelegate.swift */; };
		8FADD32A21829431004CB1AB /* GameScene.sks in Resources */ = {isa = PBXBuildFile; fileRef = 8FADD32921829431004CB1AB /* GameScene.sks */; };
		8FADD32C21829431004CB1AB /* Actions.sks in Resources */ = {isa = PBXBuildFile; fileRef = 8FADD32B21829431004CB1AB /* Actions.sks */; };
		8FADD32E21829431004CB1AB /* GameScene.swift in Sources */ = {isa = PBXBuildFile; fileRef = 8FADD32D21829431004CB1AB /* GameScene.swift */; };
		8FADD33021829431004CB1AB /* GameViewController.swift in Sources */ = {isa = PBXBuildFile; fileRef = 8FADD32F21829431004CB1AB /* GameViewController.swift */; };
		8FADD33321829431004CB1AB /* Main.storyboard in Resources */ = {isa = PBXBuildFile; fileRef = 8FADD33121829431004CB1AB /* Main.storyboard */; };
		8FADD33521829432004CB1AB /* Assets.xcassets in Resources */ = {isa = PBXBuildFile; fileRef = 8FADD33421829432004CB1AB /* Assets.xcassets */; };
		8FADD33821829432004CB1AB /* LaunchScreen.storyboard in Resources */ = {isa = PBXBuildFile; fileRef = 8FADD33621829432004CB1AB /* LaunchScreen.storyboard */; };
		8FADD34321829432004CB1AB /* Supernova_EscapeTests.swift in Sources */ = {isa = PBXBuildFile; fileRef = 8FADD34221829432004CB1AB /* Supernova_EscapeTests.swift */; };
		8FADD34E21829432004CB1AB /* Supernova_EscapeUITests.swift in Sources */ = {isa = PBXBuildFile; fileRef = 8FADD34D21829432004CB1AB /* Supernova_EscapeUITests.swift */; };
/* End PBXBuildFile section */

/* Begin PBXContainerItemProxy section */
		8FADD33F21829432004CB1AB /* PBXContainerItemProxy */ = {
			isa = PBXContainerItemProxy;
			containerPortal = 8FADD31C21829431004CB1AB /* Project object */;
			proxyType = 1;
			remoteGlobalIDString = 8FADD32321829431004CB1AB;
			remoteInfo = "Supernova Escape";
		};
		8FADD34A21829432004CB1AB /* PBXContainerItemProxy */ = {
			isa = PBXContainerItemProxy;
			containerPortal = 8FADD31C21829431004CB1AB /* Project object */;
			proxyType = 1;
			remoteGlobalIDString = 8FADD32321829431004CB1AB;
			remoteInfo = "Supernova Escape";
		};
/* End PBXContainerItemProxy section */

/* Begin PBXFileReference section */
		8FADD32421829431004CB1AB /* Supernova Escape.app */ = {isa = PBXFileReference; explicitFileType = wrapper.application; includeInIndex = 0; path = "Supernova Escape.app"; sourceTree = BUILT_PRODUCTS_DIR; };
		8FADD32721829431004CB1AB /* AppDelegate.swift */ = {isa = PBXFileReference; lastKnownFileType = sourcecode.swift; path = AppDelegate.swift; sourceTree = "<group>"; };
		8FADD32921829431004CB1AB /* GameScene.sks */ = {isa = PBXFileReference; lastKnownFileType = file.sks; path = GameScene.sks; sourceTree = "<group>"; };
		8FADD32B21829431004CB1AB /* Actions.sks */ = {isa = PBXFileReference; lastKnownFileType = file.sks; path = Actions.sks; sourceTree = "<group>"; };
		8FADD32D21829431004CB1AB /* GameScene.swift */ = {isa = PBXFileReference; lastKnownFileType = sourcecode.swift; path = GameScene.swift; sourceTree = "<group>"; };
		8FADD32F21829431004CB1AB /* GameViewController.swift */ = {isa = PBXFileReference; lastKnownFileType = sourcecode.swift; path = GameViewController.swift; sourceTree = "<group>"; };
		8FADD33221829431004CB1AB /* Base */ = {isa = PBXFileReference; lastKnownFileType = file.storyboard; name = Base; path = Base.lproj/Main.storyboard; sourceTree = "<group>"; };
		8FADD33421829432004CB1AB /* Assets.xcassets */ = {isa = PBXFileReference; lastKnownFileType = folder.assetcatalog; path = Assets.xcassets; sourceTree = "<group>"; };
		8FADD33721829432004CB1AB /* Base */ = {isa = PBXFileReference; lastKnownFileType = file.storyboard; name = Base; path = Base.lproj/LaunchScreen.storyboard; sourceTree = "<group>"; };
		8FADD33921829432004CB1AB /* Info.plist */ = {isa = PBXFileReference; lastKnownFileType = text.plist.xml; path = Info.plist; sourceTree = "<group>"; };
		8FADD33E21829432004CB1AB /* Supernova EscapeTests.xctest */ = {isa = PBXFileReference; explicitFileType = wrapper.cfbundle; includeInIndex = 0; path = "Supernova EscapeTests.xctest"; sourceTree = BUILT_PRODUCTS_DIR; };
		8FADD34221829432004CB1AB /* Supernova_EscapeTests.swift */ = {isa = PBXFileReference; lastKnownFileType = sourcecode.swift; path = Supernova_EscapeTests.swift; sourceTree = "<group>"; };
		8FADD34421829432004CB1AB /* Info.plist */ = {isa = PBXFileReference; lastKnownFileType = text.plist.xml; path = Info.plist; sourceTree = "<group>"; };
		8FADD34921829432004CB1AB /* Supernova EscapeUITests.xctest */ = {isa = PBXFileReference; explicitFileType = wrapper.cfbundle; includeInIndex = 0; path = "Supernova EscapeUITests.xctest"; sourceTree = BUILT_PRODUCTS_DIR; };
		8FADD34D21829432004CB1AB /* Supernova_EscapeUITests.swift */ = {isa = PBXFileReference; lastKnownFileType = sourcecode.swift; path = Supernova_EscapeUITests.swift; sourceTree = "<group>"; };
		8FADD34F21829432004CB1AB /* Info.plist */ = {isa = PBXFileReference; lastKnownFileType = text.plist.xml; path = Info.plist; sourceTree = "<group>"; };
/* End PBXFileReference section */

/* Begin PBXFrameworksBuildPhase section */
		8FADD32121829431004CB1AB /* Frameworks */ = {
			isa = PBXFrameworksBuildPhase;
			buildActionMask = 2147483647;
			files = (
			);
			runOnlyForDeploymentPostprocessing = 0;
		};
		8FADD33B21829432004CB1AB /* Frameworks */ = {
			isa = PBXFrameworksBuildPhase;
			buildActionMask = 2147483647;
			files = (
			);
			runOnlyForDeploymentPostprocessing = 0;
		};
		8FADD34621829432004CB1AB /* Frameworks */ = {
			isa = PBXFrameworksBuildPhase;
			buildActionMask = 2147483647;
			files = (
			);
			runOnlyForDeploymentPostprocessing = 0;
		};
/* End PBXFrameworksBuildPhase section */

/* Begin PBXGroup section */
		8FADD31B21829431004CB1AB = {
			isa = PBXGroup;
			children = (
				8FADD32621829431004CB1AB /* Supernova Escape */,
				8FADD34121829432004CB1AB /* Supernova EscapeTests */,
				8FADD34C21829432004CB1AB /* Supernova EscapeUITests */,
				8FADD32521829431004CB1AB /* Products */,
			);
			sourceTree = "<group>";
		};
		8FADD32521829431004CB1AB /* Products */ = {
			isa = PBXGroup;
			children = (
				8FADD32421829431004CB1AB /* Supernova Escape.app */,
				8FADD33E21829432004CB1AB /* Supernova EscapeTests.xctest */,
				8FADD34921829432004CB1AB /* Supernova EscapeUITests.xctest */,
			);
			name = Products;
			sourceTree = "<group>";
		};
		8FADD32621829431004CB1AB /* Supernova Escape */ = {
			isa = PBXGroup;
			children = (
				8FADD32721829431004CB1AB /* AppDelegate.swift */,
				8FADD32921829431004CB1AB /* GameScene.sks */,
				8FADD32B21829431004CB1AB /* Actions.sks */,
				8FADD32D21829431004CB1AB /* GameScene.swift */,
				8FADD32F21829431004CB1AB /* GameViewController.swift */,
				8FADD33121829431004CB1AB /* Main.storyboard */,
				8FADD33421829432004CB1AB /* Assets.xcassets */,
				8FADD33621829432004CB1AB /* LaunchScreen.storyboard */,
				8FADD33921829432004CB1AB /* Info.plist */,
			);
			path = "Supernova Escape";
			sourceTree = "<group>";
		};
		8FADD34121829432004CB1AB /* Supernova EscapeTests */ = {
			isa = PBXGroup;
			children = (
				8FADD34221829432004CB1AB /* Supernova_EscapeTests.swift */,
				8FADD34421829432004CB1AB /* Info.plist */,
			);
			path = "Supernova EscapeTests";
			sourceTree = "<group>";
		};
		8FADD34C21829432004CB1AB /* Supernova EscapeUITests */ = {
			isa = PBXGroup;
			children = (
				8FADD34D21829432004CB1AB /* Supernova_EscapeUITests.swift */,
				8FADD34F21829432004CB1AB /* Info.plist */,
			);
			path = "Supernova EscapeUITests";
			sourceTree = "<group>";
		};
/* End PBXGroup section */

/* Begin PBXNativeTarget section */
		8FADD32321829431004CB1AB /* Supernova Escape */ = {
			isa = PBXNativeTarget;
			buildConfigurationList = 8FADD35221829432004CB1AB /* Build configuration list for PBXNativeTarget "Supernova Escape" */;
			buildPhases = (
				8FADD32021829431004CB1AB /* Sources */,
				8FADD32121829431004CB1AB /* Frameworks */,
				8FADD32221829431004CB1AB /* Resources */,
			);
			buildRules = (
			);
			dependencies = (
			);
			name = "Supernova Escape";
			productName = "Supernova Escape";
			productReference = 8FADD32421829431004CB1AB /* Supernova Escape.app */;
			productType = "com.apple.product-type.application";
		};
		8FADD33D21829432004CB1AB /* Supernova EscapeTests */ = {
			isa = PBXNativeTarget;
			buildConfigurationList = 8FADD35521829432004CB1AB /* Build configuration list for PBXNativeTarget "Supernova EscapeTests" */;
			buildPhases = (
				8FADD33A21829432004CB1AB /* Sources */,
				8FADD33B21829432004CB1AB /* Frameworks */,
				8FADD33C21829432004CB1AB /* Resources */,
			);
			buildRules = (
			);
			dependencies = (
				8FADD34021829432004CB1AB /* PBXTargetDependency */,
			);
			name = "Supernova EscapeTests";
			productName = "Supernova EscapeTests";
			productReference = 8FADD33E21829432004CB1AB /* Supernova EscapeTests.xctest */;
			productType = "com.apple.product-type.bundle.unit-test";
		};
		8FADD34821829432004CB1AB /* Supernova EscapeUITests */ = {
			isa = PBXNativeTarget;
			buildConfigurationList = 8FADD35821829432004CB1AB /* Build configuration list for PBXNativeTarget "Supernova EscapeUITests" */;
			buildPhases = (
				8FADD34521829432004CB1AB /* Sources */,
				8FADD34621829432004CB1AB /* Frameworks */,
				8FADD34721829432004CB1AB /* Resources */,
			);
			buildRules = (
			);
			dependencies = (
				8FADD34B21829432004CB1AB /* PBXTargetDependency */,
			);
			name = "Supernova EscapeUITests";
			productName = "Supernova EscapeUITests";
			productReference = 8FADD34921829432004CB1AB /* Supernova EscapeUITests.xctest */;
			productType = "com.apple.product-type.bundle.ui-testing";
		};
/* End PBXNativeTarget section */

/* Begin PBXProject section */
		8FADD31C21829431004CB1AB /* Project object */ = {
			isa = PBXProject;
			attributes = {
				LastSwiftUpdateCheck = 0930;
				LastUpgradeCheck = 0930;
				ORGANIZATIONNAME = "Victor Huang";
				TargetAttributes = {
					8FADD32321829431004CB1AB = {
						CreatedOnToolsVersion = 9.3.1;
					};
					8FADD33D21829432004CB1AB = {
						CreatedOnToolsVersion = 9.3.1;
						TestTargetID = 8FADD32321829431004CB1AB;
					};
					8FADD34821829432004CB1AB = {
						CreatedOnToolsVersion = 9.3.1;
						TestTargetID = 8FADD32321829431004CB1AB;
					};
				};
			};
			buildConfigurationList = 8FADD31F21829431004CB1AB /* Build configuration list for PBXProject "Supernova Escape" */;
			compatibilityVersion = "Xcode 9.3";
			developmentRegion = en;
			hasScannedForEncodings = 0;
			knownRegions = (
				en,
				Base,
			);
			mainGroup = 8FADD31B21829431004CB1AB;
			productRefGroup = 8FADD32521829431004CB1AB /* Products */;
			projectDirPath = "";
			projectRoot = "";
			targets = (
				8FADD32321829431004CB1AB /* Supernova Escape */,
				8FADD33D21829432004CB1AB /* Supernova EscapeTests */,
				8FADD34821829432004CB1AB /* Supernova EscapeUITests */,
			);
		};
/* End PBXProject section */

/* Begin PBXResourcesBuildPhase section */
		8FADD32221829431004CB1AB /* Resources */ = {
			isa = PBXResourcesBuildPhase;
			buildActionMask = 2147483647;
			files = (
				8FADD33321829431004CB1AB /* Main.storyboard in Resources */,
				8FADD32A21829431004CB1AB /* GameScene.sks in Resources */,
				8FADD33521829432004CB1AB /* Assets.xcassets in Resources */,
				8FADD33821829432004CB1AB /* LaunchScreen.storyboard in Resources */,
				8FADD32C21829431004CB1AB /* Actions.sks in Resources */,
			);
			runOnlyForDeploymentPostprocessing = 0;
		};
		8FADD33C21829432004CB1AB /* Resources */ = {
			isa = PBXResourcesBuildPhase;
			buildActionMask = 2147483647;
			files = (
			);
			runOnlyForDeploymentPostprocessing = 0;
		};
		8FADD34721829432004CB1AB /* Resources */ = {
			isa = PBXResourcesBuildPhase;
			buildActionMask = 2147483647;
			files = (
			);
			runOnlyForDeploymentPostprocessing = 0;
		};
/* End PBXResourcesBuildPhase section */

/* Begin PBXSourcesBuildPhase section */
		8FADD32021829431004CB1AB /* Sources */ = {
			isa = PBXSourcesBuildPhase;
			buildActionMask = 2147483647;
			files = (
				8FADD32E21829431004CB1AB /* GameScene.swift in Sources */,
				8FADD33021829431004CB1AB /* GameViewController.swift in Sources */,
				8FADD32821829431004CB1AB /* AppDelegate.swift in Sources */,
			);
			runOnlyForDeploymentPostprocessing = 0;
		};
		8FADD33A21829432004CB1AB /* Sources */ = {
			isa = PBXSourcesBuildPhase;
			buildActionMask = 2147483647;
			files = (
				8FADD34321829432004CB1AB /* Supernova_EscapeTests.swift in Sources */,
			);
			runOnlyForDeploymentPostprocessing = 0;
		};
		8FADD34521829432004CB1AB /* Sources */ = {
			isa = PBXSourcesBuildPhase;
			buildActionMask = 2147483647;
			files = (
				8FADD34E21829432004CB1AB /* Supernova_EscapeUITests.swift in Sources */,
			);
			runOnlyForDeploymentPostprocessing = 0;
		};
/* End PBXSourcesBuildPhase section */

/* Begin PBXTargetDependency section */
		8FADD34021829432004CB1AB /* PBXTargetDependency */ = {
			isa = PBXTargetDependency;
			target = 8FADD32321829431004CB1AB /* Supernova Escape */;
			targetProxy = 8FADD33F21829432004CB1AB /* PBXContainerItemProxy */;
		};
		8FADD34B21829432004CB1AB /* PBXTargetDependency */ = {
			isa = PBXTargetDependency;
			target = 8FADD32321829431004CB1AB /* Supernova Escape */;
			targetProxy = 8FADD34A21829432004CB1AB /* PBXContainerItemProxy */;
		};
/* End PBXTargetDependency section */

/* Begin PBXVariantGroup section */
		8FADD33121829431004CB1AB /* Main.storyboard */ = {
			isa = PBXVariantGroup;
			children = (
				8FADD33221829431004CB1AB /* Base */,
			);
			name = Main.storyboard;
			sourceTree = "<group>";
		};
		8FADD33621829432004CB1AB /* LaunchScreen.storyboard */ = {
			isa = PBXVariantGroup;
			children = (
				8FADD33721829432004CB1AB /* Base */,
			);
			name = LaunchScreen.storyboard;
			sourceTree = "<group>";
		};
/* End PBXVariantGroup section */

/* Begin XCBuildConfiguration section */
		8FADD35021829432004CB1AB /* Debug */ = {
			isa = XCBuildConfiguration;
			buildSettings = {
				ALWAYS_SEARCH_USER_PATHS = NO;
				CLANG_ANALYZER_NONNULL = YES;
				CLANG_ANALYZER_NUMBER_OBJECT_CONVERSION = YES_AGGRESSIVE;
				CLANG_CXX_LANGUAGE_STANDARD = "gnu++14";
				CLANG_CXX_LIBRARY = "libc++";
				CLANG_ENABLE_MODULES = YES;
				CLANG_ENABLE_OBJC_ARC = YES;
				CLANG_ENABLE_OBJC_WEAK = YES;
				CLANG_WARN_BLOCK_CAPTURE_AUTORELEASING = YES;
				CLANG_WARN_BOOL_CONVERSION = YES;
				CLANG_WARN_COMMA = YES;
				CLANG_WARN_CONSTANT_CONVERSION = YES;
				CLANG_WARN_DEPRECATED_OBJC_IMPLEMENTATIONS = YES;
				CLANG_WARN_DIRECT_OBJC_ISA_USAGE = YES_ERROR;
				CLANG_WARN_DOCUMENTATION_COMMENTS = YES;
				CLANG_WARN_EMPTY_BODY = YES;
				CLANG_WARN_ENUM_CONVERSION = YES;
				CLANG_WARN_INFINITE_RECURSION = YES;
				CLANG_WARN_INT_CONVERSION = YES;
				CLANG_WARN_NON_LITERAL_NULL_CONVERSION = YES;
				CLANG_WARN_OBJC_IMPLICIT_RETAIN_SELF = YES;
				CLANG_WARN_OBJC_LITERAL_CONVERSION = YES;
				CLANG_WARN_OBJC_ROOT_CLASS = YES_ERROR;
				CLANG_WARN_RANGE_LOOP_ANALYSIS = YES;
				CLANG_WARN_STRICT_PROTOTYPES = YES;
				CLANG_WARN_SUSPICIOUS_MOVE = YES;
				CLANG_WARN_UNGUARDED_AVAILABILITY = YES_AGGRESSIVE;
				CLANG_WARN_UNREACHABLE_CODE = YES;
				CLANG_WARN__DUPLICATE_METHOD_MATCH = YES;
				CODE_SIGN_IDENTITY = "iPhone Developer";
				COPY_PHASE_STRIP = NO;
				DEBUG_INFORMATION_FORMAT = dwarf;
				ENABLE_STRICT_OBJC_MSGSEND = YES;
				ENABLE_TESTABILITY = YES;
				GCC_C_LANGUAGE_STANDARD = gnu11;
				GCC_DYNAMIC_NO_PIC = NO;
				GCC_NO_COMMON_BLOCKS = YES;
				GCC_OPTIMIZATION_LEVEL = 0;
				GCC_PREPROCESSOR_DEFINITIONS = (
					"DEBUG=1",
					"$(inherited)",
				);
				GCC_WARN_64_TO_32_BIT_CONVERSION = YES;
				GCC_WARN_ABOUT_RETURN_TYPE = YES_ERROR;
				GCC_WARN_UNDECLARED_SELECTOR = YES;
				GCC_WARN_UNINITIALIZED_AUTOS = YES_AGGRESSIVE;
				GCC_WARN_UNUSED_FUNCTION = YES;
				GCC_WARN_UNUSED_VARIABLE = YES;
				IPHONEOS_DEPLOYMENT_TARGET = 11.3;
				MTL_ENABLE_DEBUG_INFO = YES;
				ONLY_ACTIVE_ARCH = YES;
				SDKROOT = iphoneos;
				SWIFT_ACTIVE_COMPILATION_CONDITIONS = DEBUG;
				SWIFT_OPTIMIZATION_LEVEL = "-Onone";
			};
			name = Debug;
		};
		8FADD35121829432004CB1AB /* Release */ = {
			isa = XCBuildConfiguration;
			buildSettings = {
				ALWAYS_SEARCH_USER_PATHS = NO;
				CLANG_ANALYZER_NONNULL = YES;
				CLANG_ANALYZER_NUMBER_OBJECT_CONVERSION = YES_AGGRESSIVE;
				CLANG_CXX_LANGUAGE_STANDARD = "gnu++14";
				CLANG_CXX_LIBRARY = "libc++";
				CLANG_ENABLE_MODULES = YES;
				CLANG_ENABLE_OBJC_ARC = YES;
				CLANG_ENABLE_OBJC_WEAK = YES;
				CLANG_WARN_BLOCK_CAPTURE_AUTORELEASING = YES;
				CLANG_WARN_BOOL_CONVERSION = YES;
				CLANG_WARN_COMMA = YES;
				CLANG_WARN_CONSTANT_CONVERSION = YES;
				CLANG_WARN_DEPRECATED_OBJC_IMPLEMENTATIONS = YES;
				CLANG_WARN_DIRECT_OBJC_ISA_USAGE = YES_ERROR;
				CLANG_WARN_DOCUMENTATION_COMMENTS = YES;
				CLANG_WARN_EMPTY_BODY = YES;
				CLANG_WARN_ENUM_CONVERSION = YES;
				CLANG_WARN_INFINITE_RECURSION = YES;
				CLANG_WARN_INT_CONVERSION = YES;
				CLANG_WARN_NON_LITERAL_NULL_CONVERSION = YES;
				CLANG_WARN_OBJC_IMPLICIT_RETAIN_SELF = YES;
				CLANG_WARN_OBJC_LITERAL_CONVERSION = YES;
				CLANG_WARN_OBJC_ROOT_CLASS = YES_ERROR;
				CLANG_WARN_RANGE_LOOP_ANALYSIS = YES;
				CLANG_WARN_STRICT_PROTOTYPES = YES;
				CLANG_WARN_SUSPICIOUS_MOVE = YES;
				CLANG_WARN_UNGUARDED_AVAILABILITY = YES_AGGRESSIVE;
				CLANG_WARN_UNREACHABLE_CODE = YES;
				CLANG_WARN__DUPLICATE_METHOD_MATCH = YES;
				CODE_SIGN_IDENTITY = "iPhone Developer";
				COPY_PHASE_STRIP = NO;
				DEBUG_INFORMATION_FORMAT = "dwarf-with-dsym";
				ENABLE_NS_ASSERTIONS = NO;
				ENABLE_STRICT_OBJC_MSGSEND = YES;
				GCC_C_LANGUAGE_STANDARD = gnu11;
				GCC_NO_COMMON_BLOCKS = YES;
				GCC_WARN_64_TO_32_BIT_CONVERSION = YES;
				GCC_WARN_ABOUT_RETURN_TYPE = YES_ERROR;
				GCC_WARN_UNDECLARED_SELECTOR = YES;
				GCC_WARN_UNINITIALIZED_AUTOS = YES_AGGRESSIVE;
				GCC_WARN_UNUSED_FUNCTION = YES;
				GCC_WARN_UNUSED_VARIABLE = YES;
				IPHONEOS_DEPLOYMENT_TARGET = 11.3;
				MTL_ENABLE_DEBUG_INFO = NO;
				SDKROOT = iphoneos;
				SWIFT_COMPILATION_MODE = wholemodule;
				SWIFT_OPTIMIZATION_LEVEL = "-O";
				VALIDATE_PRODUCT = YES;
			};
			name = Release;
		};
		8FADD35321829432004CB1AB /* Debug */ = {
			isa = XCBuildConfiguration;
			buildSettings = {
				ASSETCATALOG_COMPILER_APPICON_NAME = AppIcon;
				CODE_SIGN_STYLE = Automatic;
				INFOPLIST_FILE = "Supernova Escape/Info.plist";
				LD_RUNPATH_SEARCH_PATHS = (
					"$(inherited)",
					"@executable_path/Frameworks",
				);
				PRODUCT_BUNDLE_IDENTIFIER = "Victor.Supernova-Escape";
				PRODUCT_NAME = "$(TARGET_NAME)";
				SWIFT_VERSION = 4.0;
				TARGETED_DEVICE_FAMILY = "1,2";
			};
			name = Debug;
		};
		8FADD35421829432004CB1AB /* Release */ = {
			isa = XCBuildConfiguration;
			buildSettings = {
				ASSETCATALOG_COMPILER_APPICON_NAME = AppIcon;
				CODE_SIGN_STYLE = Automatic;
				INFOPLIST_FILE = "Supernova Escape/Info.plist";
				LD_RUNPATH_SEARCH_PATHS = (
					"$(inherited)",
					"@executable_path/Frameworks",
				);
				PRODUCT_BUNDLE_IDENTIFIER = "Victor.Supernova-Escape";
				PRODUCT_NAME = "$(TARGET_NAME)";
				SWIFT_VERSION = 4.0;
				TARGETED_DEVICE_FAMILY = "1,2";
			};
			name = Release;
		};
		8FADD35621829432004CB1AB /* Debug */ = {
			isa = XCBuildConfiguration;
			buildSettings = {
				ALWAYS_EMBED_SWIFT_STANDARD_LIBRARIES = YES;
				BUNDLE_LOADER = "$(TEST_HOST)";
				CODE_SIGN_STYLE = Automatic;
				INFOPLIST_FILE = "Supernova EscapeTests/Info.plist";
				LD_RUNPATH_SEARCH_PATHS = (
					"$(inherited)",
					"@executable_path/Frameworks",
					"@loader_path/Frameworks",
				);
				PRODUCT_BUNDLE_IDENTIFIER = "Victor.Supernova-EscapeTests";
				PRODUCT_NAME = "$(TARGET_NAME)";
				SWIFT_VERSION = 4.0;
				TARGETED_DEVICE_FAMILY = "1,2";
				TEST_HOST = "$(BUILT_PRODUCTS_DIR)/Supernova Escape.app/Supernova Escape";
			};
			name = Debug;
		};
		8FADD35721829432004CB1AB /* Release */ = {
			isa = XCBuildConfiguration;
			buildSettings = {
				ALWAYS_EMBED_SWIFT_STANDARD_LIBRARIES = YES;
				BUNDLE_LOADER = "$(TEST_HOST)";
				CODE_SIGN_STYLE = Automatic;
				INFOPLIST_FILE = "Supernova EscapeTests/Info.plist";
				LD_RUNPATH_SEARCH_PATHS = (
					"$(inherited)",
					"@executable_path/Frameworks",
					"@loader_path/Frameworks",
				);
				PRODUCT_BUNDLE_IDENTIFIER = "Victor.Supernova-EscapeTests";
				PRODUCT_NAME = "$(TARGET_NAME)";
				SWIFT_VERSION = 4.0;
				TARGETED_DEVICE_FAMILY = "1,2";
				TEST_HOST = "$(BUILT_PRODUCTS_DIR)/Supernova Escape.app/Supernova Escape";
			};
			name = Release;
		};
		8FADD35921829432004CB1AB /* Debug */ = {
			isa = XCBuildConfiguration;
			buildSettings = {
				ALWAYS_EMBED_SWIFT_STANDARD_LIBRARIES = YES;
				CODE_SIGN_STYLE = Automatic;
				INFOPLIST_FILE = "Supernova EscapeUITests/Info.plist";
				LD_RUNPATH_SEARCH_PATHS = (
					"$(inherited)",
					"@executable_path/Frameworks",
					"@loader_path/Frameworks",
				);
				PRODUCT_BUNDLE_IDENTIFIER = "Victor.Supernova-EscapeUITests";
				PRODUCT_NAME = "$(TARGET_NAME)";
				SWIFT_VERSION = 4.0;
				TARGETED_DEVICE_FAMILY = "1,2";
				TEST_TARGET_NAME = "Supernova Escape";
			};
			name = Debug;
		};
		8FADD35A21829432004CB1AB /* Release */ = {
			isa = XCBuildConfiguration;
			buildSettings = {
				ALWAYS_EMBED_SWIFT_STANDARD_LIBRARIES = YES;
				CODE_SIGN_STYLE = Automatic;
				INFOPLIST_FILE = "Supernova EscapeUITests/Info.plist";
				LD_RUNPATH_SEARCH_PATHS = (
					"$(inherited)",
					"@executable_path/Frameworks",
					"@loader_path/Frameworks",
				);
				PRODUCT_BUNDLE_IDENTIFIER = "Victor.Supernova-EscapeUITests";
				PRODUCT_NAME = "$(TARGET_NAME)";
				SWIFT_VERSION = 4.0;
				TARGETED_DEVICE_FAMILY = "1,2";
				TEST_TARGET_NAME = "Supernova Escape";
			};
			name = Release;
		};
/* End XCBuildConfiguration section */

/* Begin XCConfigurationList section */
		8FADD31F21829431004CB1AB /* Build configuration list for PBXProject "Supernova Escape" */ = {
			isa = XCConfigurationList;
			buildConfigurations = (
				8FADD35021829432004CB1AB /* Debug */,
				8FADD35121829432004CB1AB /* Release */,
			);
			defaultConfigurationIsVisible = 0;
			defaultConfigurationName = Release;
		};
		8FADD35221829432004CB1AB /* Build configuration list for PBXNativeTarget "Supernova Escape" */ = {
			isa = XCConfigurationList;
			buildConfigurations = (
				8FADD35321829432004CB1AB /* Debug */,
				8FADD35421829432004CB1AB /* Release */,
			);
			defaultConfigurationIsVisible = 0;
			defaultConfigurationName = Release;
		};
		8FADD35521829432004CB1AB /* Build configuration list for PBXNativeTarget "Supernova EscapeTests" */ = {
			isa = XCConfigurationList;
			buildConfigurations = (
				8FADD35621829432004CB1AB /* Debug */,
				8FADD35721829432004CB1AB /* Release */,
			);
			defaultConfigurationIsVisible = 0;
			defaultConfigurationName = Release;
		};
		8FADD35821829432004CB1AB /* Build configuration list for PBXNativeTarget "Supernova EscapeUITests" */ = {
			isa = XCConfigurationList;
			buildConfigurations = (
				8FADD35921829432004CB1AB /* Debug */,
				8FADD35A21829432004CB1AB /* Release */,
			);
			defaultConfigurationIsVisible = 0;
			defaultConfigurationName = Release;
		};
/* End XCConfigurationList section */
	};
	rootObject = 8FADD31C21829431004CB1AB /* Project object */;
}
